
Microsoft Visual Studio Solution File, Format Version 12.00
# Visual Studio Version 16
VisualStudioVersion = 16.0.29503.13
MinimumVisualStudioVersion = 10.0.40219.1
Project("{9A19103F-16F7-4668-BE54-9A1E7A4F7556}") = "LIFTWebApp", "LIFTWebApp\LIFTWebApp.csproj", "{A71CCF75-52A9-46CD-84C9-49AAE07DB218}"
EndProject
Project("{FAE04EC0-301F-11D3-BF4B-00C04F79EFBC}") = "LIFTWebApp.Tests", "LIFTWebApp.Tests\LIFTWebApp.Tests.csproj", "{6EBBF8C8-0ACF-425B-A6A8-690554EFEBA4}"
EndProject
Global
	GlobalSection(SolutionConfigurationPlatforms) = preSolution
		Debug|Any CPU = Debug|Any CPU
		Release|Any CPU = Release|Any CPU
	EndGlobalSection
	GlobalSection(ProjectConfigurationPlatforms) = postSolution
		{A71CCF75-52A9-46CD-84C9-49AAE07DB218}.Debug|Any CPU.ActiveCfg = Debug|Any CPU
		{A71CCF75-52A9-46CD-84C9-49AAE07DB218}.Debug|Any CPU.Build.0 = Debug|Any CPU
		{A71CCF75-52A9-46CD-84C9-49AAE07DB218}.Release|Any CPU.ActiveCfg = Release|Any CPU
		{A71CCF75-52A9-46CD-84C9-49AAE07DB218}.Release|Any CPU.Build.0 = Release|Any CPU
		{6EBBF8C8-0ACF-425B-A6A8-690554EFEBA4}.Debug|Any CPU.ActiveCfg = Debug|Any CPU
		{6EBBF8C8-0ACF-425B-A6A8-690554EFEBA4}.Debug|Any CPU.Build.0 = Debug|Any CPU
		{6EBBF8C8-0ACF-425B-A6A8-690554EFEBA4}.Release|Any CPU.ActiveCfg = Release|Any CPU
		{6EBBF8C8-0ACF-425B-A6A8-690554EFEBA4}.Release|Any CPU.Build.0 = Release|Any CPU
	EndGlobalSection
	GlobalSection(SolutionProperties) = preSolution
		HideSolutionNode = FALSE
	EndGlobalSection
	GlobalSection(ExtensibilityGlobals) = postSolution
		SolutionGuid = {E144D13A-13BE-454F-940F-41F83339C0F2}
	EndGlobalSection
EndGlobal
